
Microsoft Visual Studio Solution File, Format Version 12.00
# Visual Studio Version 17
VisualStudioVersion = 17.14.36414.22 d17.14
MinimumVisualStudioVersion = 10.0.40219.1
Project("{FAE04EC0-301F-11D3-BF4B-00C04F79EFBC}") = "NetDevRecruitingTest", "NetDevRecruitingTest\NetDevRecruitingTest.csproj", "{5178E650-0600-45C7-820E-20E1A0C7DC05}"
EndProject
Project("{FAE04EC0-301F-11D3-BF4B-00C04F79EFBC}") = "NetDevRecruitingTest.Tests", "NetDevRecruitingTest.Tests\NetDevRecruitingTest.Tests.csproj", "{30B00C0E-FD85-44C8-99CC-A621174A64D0}"
EndProject
Global
	GlobalSection(SolutionConfigurationPlatforms) = preSolution
		Debug|Any CPU = Debug|Any CPU
		Release|Any CPU = Release|Any CPU
	EndGlobalSection
	GlobalSection(ProjectConfigurationPlatforms) = postSolution
		{5178E650-0600-45C7-820E-20E1A0C7DC05}.Debug|Any CPU.ActiveCfg = Debug|Any CPU
		{5178E650-0600-45C7-820E-20E1A0C7DC05}.Debug|Any CPU.Build.0 = Debug|Any CPU
		{5178E650-0600-45C7-820E-20E1A0C7DC05}.Release|Any CPU.ActiveCfg = Release|Any CPU
		{5178E650-0600-45C7-820E-20E1A0C7DC05}.Release|Any CPU.Build.0 = Release|Any CPU
		{30B00C0E-FD85-44C8-99CC-A621174A64D0}.Debug|Any CPU.ActiveCfg = Debug|Any CPU
		{30B00C0E-FD85-44C8-99CC-A621174A64D0}.Debug|Any CPU.Build.0 = Debug|Any CPU
		{30B00C0E-FD85-44C8-99CC-A621174A64D0}.Release|Any CPU.ActiveCfg = Release|Any CPU
		{30B00C0E-FD85-44C8-99CC-A621174A64D0}.Release|Any CPU.Build.0 = Release|Any CPU
	EndGlobalSection
	GlobalSection(SolutionProperties) = preSolution
		HideSolutionNode = FALSE
	EndGlobalSection
	GlobalSection(ExtensibilityGlobals) = postSolution
		SolutionGuid = {11184C5B-E0A1-44CB-A071-ABD11293BC0A}
	EndGlobalSection
EndGlobal
